
Microsoft Visual Studio Solution File, Format Version 12.00
# Visual Studio Version 17
VisualStudioVersion = 17.5.33530.505
MinimumVisualStudioVersion = 10.0.40219.1
Project("{9A19103F-16F7-4668-BE54-9A1E7A4F7556}") = "OidcOAuthSample", "OidcOAuthSample\OidcOAuthSample.csproj", "{7015C6F2-F0CD-428C-B14C-FE622856F79F}"
EndProject
Project("{9A19103F-16F7-4668-BE54-9A1E7A4F7556}") = "TokenCacheSample", "TokenCacheSample\TokenCacheSample.csproj", "{C3A44572-6090-453D-94FF-81DEE92A296C}"
EndProject
Project("{9A19103F-16F7-4668-BE54-9A1E7A4F7556}") = "DNV.OAuth.Demo", "DNV.OAuth.Demo\DNV.OAuth.Demo.csproj", "{AACC7456-7082-47E6-A72A-188506772CA4}"
EndProject
Project("{9A19103F-16F7-4668-BE54-9A1E7A4F7556}") = "Swagger.Demo", "..\Web\Swagger.Demo\Swagger.Demo.csproj", "{888A1514-CC2A-42C4-AFB9-56EACBDE9037}"
EndProject
Project("{9A19103F-16F7-4668-BE54-9A1E7A4F7556}") = "DNV.OAuth.Web", "..\..\..\SolutionPackage\src\OAuth\Web\DNV.OAuth.Web.csproj", "{6B2DBF7A-0D6A-4320-BCA3-D4F8A3F6CB45}"
EndProject
Global
	GlobalSection(SolutionConfigurationPlatforms) = preSolution
		Debug|Any CPU = Debug|Any CPU
		Release|Any CPU = Release|Any CPU
	EndGlobalSection
	GlobalSection(ProjectConfigurationPlatforms) = postSolution
		{7015C6F2-F0CD-428C-B14C-FE622856F79F}.Debug|Any CPU.ActiveCfg = Debug|Any CPU
		{7015C6F2-F0CD-428C-B14C-FE622856F79F}.Debug|Any CPU.Build.0 = Debug|Any CPU
		{7015C6F2-F0CD-428C-B14C-FE622856F79F}.Release|Any CPU.ActiveCfg = Release|Any CPU
		{7015C6F2-F0CD-428C-B14C-FE622856F79F}.Release|Any CPU.Build.0 = Release|Any CPU
		{C3A44572-6090-453D-94FF-81DEE92A296C}.Debug|Any CPU.ActiveCfg = Debug|Any CPU
		{C3A44572-6090-453D-94FF-81DEE92A296C}.Debug|Any CPU.Build.0 = Debug|Any CPU
		{C3A44572-6090-453D-94FF-81DEE92A296C}.Release|Any CPU.ActiveCfg = Release|Any CPU
		{C3A44572-6090-453D-94FF-81DEE92A296C}.Release|Any CPU.Build.0 = Release|Any CPU
		{AACC7456-7082-47E6-A72A-188506772CA4}.Debug|Any CPU.ActiveCfg = Debug|Any CPU
		{AACC7456-7082-47E6-A72A-188506772CA4}.Debug|Any CPU.Build.0 = Debug|Any CPU
		{AACC7456-7082-47E6-A72A-188506772CA4}.Release|Any CPU.ActiveCfg = Release|Any CPU
		{AACC7456-7082-47E6-A72A-188506772CA4}.Release|Any CPU.Build.0 = Release|Any CPU
		{888A1514-CC2A-42C4-AFB9-56EACBDE9037}.Debug|Any CPU.ActiveCfg = Debug|Any CPU
		{888A1514-CC2A-42C4-AFB9-56EACBDE9037}.Debug|Any CPU.Build.0 = Debug|Any CPU
		{888A1514-CC2A-42C4-AFB9-56EACBDE9037}.Release|Any CPU.ActiveCfg = Release|Any CPU
		{888A1514-CC2A-42C4-AFB9-56EACBDE9037}.Release|Any CPU.Build.0 = Release|Any CPU
		{6B2DBF7A-0D6A-4320-BCA3-D4F8A3F6CB45}.Debug|Any CPU.ActiveCfg = Debug|Any CPU
		{6B2DBF7A-0D6A-4320-BCA3-D4F8A3F6CB45}.Debug|Any CPU.Build.0 = Debug|Any CPU
		{6B2DBF7A-0D6A-4320-BCA3-D4F8A3F6CB45}.Release|Any CPU.ActiveCfg = Release|Any CPU
		{6B2DBF7A-0D6A-4320-BCA3-D4F8A3F6CB45}.Release|Any CPU.Build.0 = Release|Any CPU
	EndGlobalSection
	GlobalSection(SolutionProperties) = preSolution
		HideSolutionNode = FALSE
	EndGlobalSection
	GlobalSection(ExtensibilityGlobals) = postSolution
		SolutionGuid = {BA2F02B7-E26D-4422-82B5-5BA630E5ADBB}
	EndGlobalSection
EndGlobal
