
Microsoft Visual Studio Solution File, Format Version 12.00
# Visual Studio Version 17
VisualStudioVersion = 17.9.34728.123
MinimumVisualStudioVersion = 10.0.40219.1
Project("{9A19103F-16F7-4668-BE54-9A1E7A4F7556}") = "HealthCheckParent", "HealthCheckParent\HealthCheckParent.csproj", "{E60E1621-AA21-4D47-A7AD-4D67F0E72C6C}"
EndProject
Project("{9A19103F-16F7-4668-BE54-9A1E7A4F7556}") = "HealthCheckChild", "HealthCheckChild\HealthCheckChild.csproj", "{3511996C-2777-4C22-94BB-85E69F5A6B6B}"
EndProject
Global
	GlobalSection(SolutionConfigurationPlatforms) = preSolution
		Debug|Any CPU = Debug|Any CPU
		Release|Any CPU = Release|Any CPU
	EndGlobalSection
	GlobalSection(ProjectConfigurationPlatforms) = postSolution
		{E60E1621-AA21-4D47-A7AD-4D67F0E72C6C}.Debug|Any CPU.ActiveCfg = Debug|Any CPU
		{E60E1621-AA21-4D47-A7AD-4D67F0E72C6C}.Debug|Any CPU.Build.0 = Debug|Any CPU
		{E60E1621-AA21-4D47-A7AD-4D67F0E72C6C}.Release|Any CPU.ActiveCfg = Release|Any CPU
		{E60E1621-AA21-4D47-A7AD-4D67F0E72C6C}.Release|Any CPU.Build.0 = Release|Any CPU
		{3511996C-2777-4C22-94BB-85E69F5A6B6B}.Debug|Any CPU.ActiveCfg = Debug|Any CPU
		{3511996C-2777-4C22-94BB-85E69F5A6B6B}.Debug|Any CPU.Build.0 = Debug|Any CPU
		{3511996C-2777-4C22-94BB-85E69F5A6B6B}.Release|Any CPU.ActiveCfg = Release|Any CPU
		{3511996C-2777-4C22-94BB-85E69F5A6B6B}.Release|Any CPU.Build.0 = Release|Any CPU
	EndGlobalSection
	GlobalSection(SolutionProperties) = preSolution
		HideSolutionNode = FALSE
	EndGlobalSection
	GlobalSection(ExtensibilityGlobals) = postSolution
		SolutionGuid = {63BADA6C-0F71-4510-8475-F1FFBB754B6A}
	EndGlobalSection
EndGlobal
