
Microsoft Visual Studio Solution File, Format Version 12.00
# Visual Studio Version 17
VisualStudioVersion = 17.6.33815.320
MinimumVisualStudioVersion = 10.0.40219.1
Project("{FAE04EC0-301F-11D3-BF4B-00C04F79EFBC}") = "Web.SecurityHeader", "Web.SecurityHeader.csproj", "{0ADFD74C-1110-4476-8B4A-35FF1057150C}"
EndProject
Global
	GlobalSection(SolutionConfigurationPlatforms) = preSolution
		Debug|Any CPU = Debug|Any CPU
		Release|Any CPU = Release|Any CPU
	EndGlobalSection
	GlobalSection(ProjectConfigurationPlatforms) = postSolution
		{0ADFD74C-1110-4476-8B4A-35FF1057150C}.Debug|Any CPU.ActiveCfg = Debug|Any CPU
		{0ADFD74C-1110-4476-8B4A-35FF1057150C}.Debug|Any CPU.Build.0 = Debug|Any CPU
		{0ADFD74C-1110-4476-8B4A-35FF1057150C}.Release|Any CPU.ActiveCfg = Release|Any CPU
		{0ADFD74C-1110-4476-8B4A-35FF1057150C}.Release|Any CPU.Build.0 = Release|Any CPU
	EndGlobalSection
	GlobalSection(SolutionProperties) = preSolution
		HideSolutionNode = FALSE
	EndGlobalSection
	GlobalSection(ExtensibilityGlobals) = postSolution
		SolutionGuid = {752DA830-434F-409E-96D7-0D6A8109886A}
	EndGlobalSection
EndGlobal
